// !$*UTF8*$!
{
	archiveVersion = 1;
	classes = {
	};
	objectVersion = 55;
	objects = {

/* Begin PBXBuildFile section */
		1202B1BB27AE830000A1BBB8 /* RecipeToShow.swift in Sources */ = {isa = PBXBuildFile; fileRef = 1202B1BA27AE830000A1BBB8 /* RecipeToShow.swift */; };
		1202B1BD27B041ED00A1BBB8 /* DetailViewController.swift in Sources */ = {isa = PBXBuildFile; fileRef = 1202B1BC27B041ED00A1BBB8 /* DetailViewController.swift */; };
		1202B1BF27B183A200A1BBB8 /* DetailModel.swift in Sources */ = {isa = PBXBuildFile; fileRef = 1202B1BE27B183A200A1BBB8 /* DetailModel.swift */; };
		1202B1C227B2CC7800A1BBB8 /* FavoriteModel.swift in Sources */ = {isa = PBXBuildFile; fileRef = 1202B1C127B2CC7800A1BBB8 /* FavoriteModel.swift */; };
		1209416F27B9550C000E8105 /* FakeDownloadService.swift in Sources */ = {isa = PBXBuildFile; fileRef = 1209416E27B9550C000E8105 /* FakeDownloadService.swift */; };
		1209417427B96244000E8105 /* requestBeefTwoResponseLight.json in Resources */ = {isa = PBXBuildFile; fileRef = 1209417327B96244000E8105 /* requestBeefTwoResponseLight.json */; };
		1209417627B99325000E8105 /* FakeManageCoreData.swift in Sources */ = {isa = PBXBuildFile; fileRef = 1209417527B99325000E8105 /* FakeManageCoreData.swift */; };
		1209417827B99EB2000E8105 /* zeroRecipe.json in Resources */ = {isa = PBXBuildFile; fileRef = 1209417727B99EB2000E8105 /* zeroRecipe.json */; };
		120970E327A985F1008CCC31 /* Image.swift in Sources */ = {isa = PBXBuildFile; fileRef = 120970E227A985F1008CCC31 /* Image.swift */; };
		120970E527A9BE28008CCC31 /* ManageCoreData.swift in Sources */ = {isa = PBXBuildFile; fileRef = 120970E427A9BE28008CCC31 /* ManageCoreData.swift */; };
		12352E6927A5D331005A4B7B /* RecipeTableViewCell.swift in Sources */ = {isa = PBXBuildFile; fileRef = 12352E6827A5D331005A4B7B /* RecipeTableViewCell.swift */; };
		124754D227A8480700D5F7F4 /* Recipe2Ingredient.swift in Sources */ = {isa = PBXBuildFile; fileRef = 124754D127A8480700D5F7F4 /* Recipe2Ingredient.swift */; };
		124754D627A8485300D5F7F4 /* Ingredient.swift in Sources */ = {isa = PBXBuildFile; fileRef = 124754D527A8485300D5F7F4 /* Ingredient.swift */; };
		124754D827A8488200D5F7F4 /* Recipe.swift in Sources */ = {isa = PBXBuildFile; fileRef = 124754D727A8488200D5F7F4 /* Recipe.swift */; };
		124A961627BA620A0089B5EE /* ManageCoreDataTestCase.swift in Sources */ = {isa = PBXBuildFile; fileRef = 124A961527BA620A0089B5EE /* ManageCoreDataTestCase.swift */; };
		124C441027A45A7000B7EC5F /* SearchModelTestCase.swift in Sources */ = {isa = PBXBuildFile; fileRef = 124C440F27A45A7000B7EC5F /* SearchModelTestCase.swift */; };
		124C441427A4681B00B7EC5F /* ListRecipeModel.swift in Sources */ = {isa = PBXBuildFile; fileRef = 124C441327A4681B00B7EC5F /* ListRecipeModel.swift */; };
		124C441627A4687E00B7EC5F /* DownloadService.swift in Sources */ = {isa = PBXBuildFile; fileRef = 124C441527A4687E00B7EC5F /* DownloadService.swift */; };
		125C296227B65B9800E944F4 /* DownloadServiceTestCase.swift in Sources */ = {isa = PBXBuildFile; fileRef = 125C296127B65B9700E944F4 /* DownloadServiceTestCase.swift */; };
		125C296427B670A100E944F4 /* ListRecipeModelTestCase.swift in Sources */ = {isa = PBXBuildFile; fileRef = 125C296327B670A100E944F4 /* ListRecipeModelTestCase.swift */; };
		125C296627B670BF00E944F4 /* FavoriteModelTestCase.swift in Sources */ = {isa = PBXBuildFile; fileRef = 125C296527B670BF00E944F4 /* FavoriteModelTestCase.swift */; };
		126872F527A16D26001FC2F2 /* TabBarController.swift in Sources */ = {isa = PBXBuildFile; fileRef = 126872F427A16D26001FC2F2 /* TabBarController.swift */; };
		126872F927A2D046001FC2F2 /* NanumPenScript-Regular.ttf in Resources */ = {isa = PBXBuildFile; fileRef = 126872F827A2D046001FC2F2 /* NanumPenScript-Regular.ttf */; };
		126872FB27A2E963001FC2F2 /* ListRecipeViewController.swift in Sources */ = {isa = PBXBuildFile; fileRef = 126872FA27A2E963001FC2F2 /* ListRecipeViewController.swift */; };
		1268730027A30713001FC2F2 /* SearchModel.swift in Sources */ = {isa = PBXBuildFile; fileRef = 126872FF27A30713001FC2F2 /* SearchModel.swift */; };
		129C654B27B3ADCE0091DE44 /* DetailFavoriteViewController.swift in Sources */ = {isa = PBXBuildFile; fileRef = 129C654A27B3ADCE0091DE44 /* DetailFavoriteViewController.swift */; };
		12B98F0027A0454C00935ED1 /* ResponseRequest.swift in Sources */ = {isa = PBXBuildFile; fileRef = 12B98EFF27A0454C00935ED1 /* ResponseRequest.swift */; };
		12B98F0227A045DE00935ED1 /* ResponseRecipe.swift in Sources */ = {isa = PBXBuildFile; fileRef = 12B98F0127A045DE00935ED1 /* ResponseRecipe.swift */; };
		12B98F0427A0568000935ED1 /* ResponseImages.swift in Sources */ = {isa = PBXBuildFile; fileRef = 12B98F0327A0568000935ED1 /* ResponseImages.swift */; };
		12B98F0827A05BB100935ED1 /* ResponseHit.swift in Sources */ = {isa = PBXBuildFile; fileRef = 12B98F0727A05BB100935ED1 /* ResponseHit.swift */; };
		12B98F0A27A0685700935ED1 /* ResonseIngredient.swift in Sources */ = {isa = PBXBuildFile; fileRef = 12B98F0927A0685700935ED1 /* ResonseIngredient.swift */; };
		12B98F0C27A06AF200935ED1 /* SearchViewController.swift in Sources */ = {isa = PBXBuildFile; fileRef = 12B98F0B27A06AF200935ED1 /* SearchViewController.swift */; };
		12B98F0E27A06B8600935ED1 /* FavoriteViewController.swift in Sources */ = {isa = PBXBuildFile; fileRef = 12B98F0D27A06B8600935ED1 /* FavoriteViewController.swift */; };
		12C199B827A7239A00C5F50A /* Constants.swift in Sources */ = {isa = PBXBuildFile; fileRef = 12C199B727A7239A00C5F50A /* Constants.swift */; };
		12C199BA27A723AE00C5F50A /* ApiKey.swift in Sources */ = {isa = PBXBuildFile; fileRef = 12C199B927A723AE00C5F50A /* ApiKey.swift */; };
		12C4F1F72798082700EC9F0B /* AppDelegate.swift in Sources */ = {isa = PBXBuildFile; fileRef = 12C4F1F62798082700EC9F0B /* AppDelegate.swift */; };
		12C4F1F92798082700EC9F0B /* SceneDelegate.swift in Sources */ = {isa = PBXBuildFile; fileRef = 12C4F1F82798082700EC9F0B /* SceneDelegate.swift */; };
		12C4F1FE2798082700EC9F0B /* Main.storyboard in Resources */ = {isa = PBXBuildFile; fileRef = 12C4F1FC2798082700EC9F0B /* Main.storyboard */; };
		12C4F2032798082A00EC9F0B /* Assets.xcassets in Resources */ = {isa = PBXBuildFile; fileRef = 12C4F2022798082A00EC9F0B /* Assets.xcassets */; };
		12C4F2062798082A00EC9F0B /* LaunchScreen.storyboard in Resources */ = {isa = PBXBuildFile; fileRef = 12C4F2042798082A00EC9F0B /* LaunchScreen.storyboard */; };
		12C4F20F2798097B00EC9F0B /* Alamofire in Frameworks */ = {isa = PBXBuildFile; productRef = 12C4F20E2798097B00EC9F0B /* Alamofire */; };
		12E6BA4827A97AE8002DB95A /* reciplease.xcdatamodeld in Sources */ = {isa = PBXBuildFile; fileRef = 12E6BA4627A97AE8002DB95A /* reciplease.xcdatamodeld */; };
/* End PBXBuildFile section */

/* Begin PBXContainerItemProxy section */
		124C440A27A4599A00B7EC5F /* PBXContainerItemProxy */ = {
			isa = PBXContainerItemProxy;
			containerPortal = 12C4F1EB2798082700EC9F0B /* Project object */;
			proxyType = 1;
			remoteGlobalIDString = 12C4F1F22798082700EC9F0B;
			remoteInfo = reciplease;
		};
/* End PBXContainerItemProxy section */

/* Begin PBXFileReference section */
		1202B1BA27AE830000A1BBB8 /* RecipeToShow.swift */ = {isa = PBXFileReference; lastKnownFileType = sourcecode.swift; path = RecipeToShow.swift; sourceTree = "<group>"; };
		1202B1BC27B041ED00A1BBB8 /* DetailViewController.swift */ = {isa = PBXFileReference; lastKnownFileType = sourcecode.swift; path = DetailViewController.swift; sourceTree = "<group>"; };
		1202B1BE27B183A200A1BBB8 /* DetailModel.swift */ = {isa = PBXFileReference; lastKnownFileType = sourcecode.swift; path = DetailModel.swift; sourceTree = "<group>"; };
		1202B1C127B2CC7800A1BBB8 /* FavoriteModel.swift */ = {isa = PBXFileReference; lastKnownFileType = sourcecode.swift; path = FavoriteModel.swift; sourceTree = "<group>"; };
		1209416E27B9550C000E8105 /* FakeDownloadService.swift */ = {isa = PBXFileReference; lastKnownFileType = sourcecode.swift; path = FakeDownloadService.swift; sourceTree = "<group>"; };
		1209417327B96244000E8105 /* requestBeefTwoResponseLight.json */ = {isa = PBXFileReference; fileEncoding = 4; lastKnownFileType = text.json; path = requestBeefTwoResponseLight.json; sourceTree = "<group>"; };
		1209417527B99325000E8105 /* FakeManageCoreData.swift */ = {isa = PBXFileReference; lastKnownFileType = sourcecode.swift; path = FakeManageCoreData.swift; sourceTree = "<group>"; };
		1209417727B99EB2000E8105 /* zeroRecipe.json */ = {isa = PBXFileReference; lastKnownFileType = text.json; path = zeroRecipe.json; sourceTree = "<group>"; };
		120970E227A985F1008CCC31 /* Image.swift */ = {isa = PBXFileReference; lastKnownFileType = sourcecode.swift; path = Image.swift; sourceTree = "<group>"; };
		120970E427A9BE28008CCC31 /* ManageCoreData.swift */ = {isa = PBXFileReference; lastKnownFileType = sourcecode.swift; path = ManageCoreData.swift; sourceTree = "<group>"; };
		12352E6827A5D331005A4B7B /* RecipeTableViewCell.swift */ = {isa = PBXFileReference; lastKnownFileType = sourcecode.swift; path = RecipeTableViewCell.swift; sourceTree = "<group>"; };
		124754D127A8480700D5F7F4 /* Recipe2Ingredient.swift */ = {isa = PBXFileReference; lastKnownFileType = sourcecode.swift; path = Recipe2Ingredient.swift; sourceTree = "<group>"; };
		124754D527A8485300D5F7F4 /* Ingredient.swift */ = {isa = PBXFileReference; lastKnownFileType = sourcecode.swift; path = Ingredient.swift; sourceTree = "<group>"; };
		124754D727A8488200D5F7F4 /* Recipe.swift */ = {isa = PBXFileReference; lastKnownFileType = sourcecode.swift; path = Recipe.swift; sourceTree = "<group>"; };
		124A961527BA620A0089B5EE /* ManageCoreDataTestCase.swift */ = {isa = PBXFileReference; lastKnownFileType = sourcecode.swift; path = ManageCoreDataTestCase.swift; sourceTree = "<group>"; };
		124C440627A4599A00B7EC5F /* recipleaseTests.xctest */ = {isa = PBXFileReference; explicitFileType = wrapper.cfbundle; includeInIndex = 0; path = recipleaseTests.xctest; sourceTree = BUILT_PRODUCTS_DIR; };
		124C440F27A45A7000B7EC5F /* SearchModelTestCase.swift */ = {isa = PBXFileReference; lastKnownFileType = sourcecode.swift; path = SearchModelTestCase.swift; sourceTree = "<group>"; };
		124C441327A4681B00B7EC5F /* ListRecipeModel.swift */ = {isa = PBXFileReference; lastKnownFileType = sourcecode.swift; path = ListRecipeModel.swift; sourceTree = "<group>"; };
		124C441527A4687E00B7EC5F /* DownloadService.swift */ = {isa = PBXFileReference; lastKnownFileType = sourcecode.swift; path = DownloadService.swift; sourceTree = "<group>"; };
		125C296127B65B9700E944F4 /* DownloadServiceTestCase.swift */ = {isa = PBXFileReference; lastKnownFileType = sourcecode.swift; path = DownloadServiceTestCase.swift; sourceTree = "<group>"; };
		125C296327B670A100E944F4 /* ListRecipeModelTestCase.swift */ = {isa = PBXFileReference; lastKnownFileType = sourcecode.swift; path = ListRecipeModelTestCase.swift; sourceTree = "<group>"; };
		125C296527B670BF00E944F4 /* FavoriteModelTestCase.swift */ = {isa = PBXFileReference; lastKnownFileType = sourcecode.swift; path = FavoriteModelTestCase.swift; sourceTree = "<group>"; };
		126872F427A16D26001FC2F2 /* TabBarController.swift */ = {isa = PBXFileReference; lastKnownFileType = sourcecode.swift; path = TabBarController.swift; sourceTree = "<group>"; };
		126872F827A2D046001FC2F2 /* NanumPenScript-Regular.ttf */ = {isa = PBXFileReference; lastKnownFileType = file; path = "NanumPenScript-Regular.ttf"; sourceTree = "<group>"; };
		126872FA27A2E963001FC2F2 /* ListRecipeViewController.swift */ = {isa = PBXFileReference; lastKnownFileType = sourcecode.swift; path = ListRecipeViewController.swift; sourceTree = "<group>"; };
		126872FF27A30713001FC2F2 /* SearchModel.swift */ = {isa = PBXFileReference; lastKnownFileType = sourcecode.swift; path = SearchModel.swift; sourceTree = "<group>"; };
		129C654A27B3ADCE0091DE44 /* DetailFavoriteViewController.swift */ = {isa = PBXFileReference; lastKnownFileType = sourcecode.swift; path = DetailFavoriteViewController.swift; sourceTree = "<group>"; };
		12B98EFF27A0454C00935ED1 /* ResponseRequest.swift */ = {isa = PBXFileReference; lastKnownFileType = sourcecode.swift; path = ResponseRequest.swift; sourceTree = "<group>"; };
		12B98F0127A045DE00935ED1 /* ResponseRecipe.swift */ = {isa = PBXFileReference; lastKnownFileType = sourcecode.swift; path = ResponseRecipe.swift; sourceTree = "<group>"; };
		12B98F0327A0568000935ED1 /* ResponseImages.swift */ = {isa = PBXFileReference; lastKnownFileType = sourcecode.swift; path = ResponseImages.swift; sourceTree = "<group>"; };
		12B98F0727A05BB100935ED1 /* ResponseHit.swift */ = {isa = PBXFileReference; lastKnownFileType = sourcecode.swift; path = ResponseHit.swift; sourceTree = "<group>"; };
		12B98F0927A0685700935ED1 /* ResonseIngredient.swift */ = {isa = PBXFileReference; lastKnownFileType = sourcecode.swift; path = ResonseIngredient.swift; sourceTree = "<group>"; };
		12B98F0B27A06AF200935ED1 /* SearchViewController.swift */ = {isa = PBXFileReference; lastKnownFileType = sourcecode.swift; path = SearchViewController.swift; sourceTree = "<group>"; };
		12B98F0D27A06B8600935ED1 /* FavoriteViewController.swift */ = {isa = PBXFileReference; lastKnownFileType = sourcecode.swift; path = FavoriteViewController.swift; sourceTree = "<group>"; };
		12C199B727A7239A00C5F50A /* Constants.swift */ = {isa = PBXFileReference; lastKnownFileType = sourcecode.swift; path = Constants.swift; sourceTree = "<group>"; };
		12C199B927A723AE00C5F50A /* ApiKey.swift */ = {isa = PBXFileReference; lastKnownFileType = sourcecode.swift; path = ApiKey.swift; sourceTree = "<group>"; };
		12C4F1F32798082700EC9F0B /* reciplease.app */ = {isa = PBXFileReference; explicitFileType = wrapper.application; includeInIndex = 0; path = reciplease.app; sourceTree = BUILT_PRODUCTS_DIR; };
		12C4F1F62798082700EC9F0B /* AppDelegate.swift */ = {isa = PBXFileReference; lastKnownFileType = sourcecode.swift; path = AppDelegate.swift; sourceTree = "<group>"; };
		12C4F1F82798082700EC9F0B /* SceneDelegate.swift */ = {isa = PBXFileReference; lastKnownFileType = sourcecode.swift; path = SceneDelegate.swift; sourceTree = "<group>"; };
		12C4F1FD2798082700EC9F0B /* Base */ = {isa = PBXFileReference; lastKnownFileType = file.storyboard; name = Base; path = Base.lproj/Main.storyboard; sourceTree = "<group>"; };
		12C4F2022798082A00EC9F0B /* Assets.xcassets */ = {isa = PBXFileReference; lastKnownFileType = folder.assetcatalog; path = Assets.xcassets; sourceTree = "<group>"; };
		12C4F2052798082A00EC9F0B /* Base */ = {isa = PBXFileReference; lastKnownFileType = file.storyboard; name = Base; path = Base.lproj/LaunchScreen.storyboard; sourceTree = "<group>"; };
		12C4F2072798082A00EC9F0B /* Info.plist */ = {isa = PBXFileReference; lastKnownFileType = text.plist.xml; path = Info.plist; sourceTree = "<group>"; };
		12E6BA4727A97AE8002DB95A /* reciplease.xcdatamodel */ = {isa = PBXFileReference; lastKnownFileType = wrapper.xcdatamodel; path = reciplease.xcdatamodel; sourceTree = "<group>"; };
/* End PBXFileReference section */

/* Begin PBXFrameworksBuildPhase section */
		124C440327A4599A00B7EC5F /* Frameworks */ = {
			isa = PBXFrameworksBuildPhase;
			buildActionMask = 2147483647;
			files = (
			);
			runOnlyForDeploymentPostprocessing = 0;
		};
		12C4F1F02798082700EC9F0B /* Frameworks */ = {
			isa = PBXFrameworksBuildPhase;
			buildActionMask = 2147483647;
			files = (
				12C4F20F2798097B00EC9F0B /* Alamofire in Frameworks */,
			);
			runOnlyForDeploymentPostprocessing = 0;
		};
/* End PBXFrameworksBuildPhase section */

/* Begin PBXGroup section */
		1202B1C027B183C600A1BBB8 /* CoreData */ = {
			isa = PBXGroup;
			children = (
				120970E427A9BE28008CCC31 /* ManageCoreData.swift */,
			);
			path = CoreData;
			sourceTree = "<group>";
		};
		1209417027B95511000E8105 /* Fake */ = {
			isa = PBXGroup;
			children = (
				1209416E27B9550C000E8105 /* FakeDownloadService.swift */,
				1209417527B99325000E8105 /* FakeManageCoreData.swift */,
			);
			path = Fake;
			sourceTree = "<group>";
		};
		1209417127B95E92000E8105 /* Data */ = {
			isa = PBXGroup;
			children = (
				1209417327B96244000E8105 /* requestBeefTwoResponseLight.json */,
				1209417727B99EB2000E8105 /* zeroRecipe.json */,
			);
			path = Data;
			sourceTree = "<group>";
		};
		121F7668279F1946001711D7 /* Controller */ = {
			isa = PBXGroup;
			children = (
				12B98F0B27A06AF200935ED1 /* SearchViewController.swift */,
				126872FA27A2E963001FC2F2 /* ListRecipeViewController.swift */,
				1202B1BC27B041ED00A1BBB8 /* DetailViewController.swift */,
				129C654A27B3ADCE0091DE44 /* DetailFavoriteViewController.swift */,
				126872F427A16D26001FC2F2 /* TabBarController.swift */,
				12B98F0D27A06B8600935ED1 /* FavoriteViewController.swift */,
			);
			path = Controller;
			sourceTree = "<group>";
		};
		121F7669279F1959001711D7 /* View */ = {
			isa = PBXGroup;
			children = (
				12C4F1FC2798082700EC9F0B /* Main.storyboard */,
				12352E6827A5D331005A4B7B /* RecipeTableViewCell.swift */,
				12C4F2042798082A00EC9F0B /* LaunchScreen.storyboard */,
			);
			path = View;
			sourceTree = "<group>";
		};
		121F766A279F1965001711D7 /* Model */ = {
			isa = PBXGroup;
			children = (
				126872FF27A30713001FC2F2 /* SearchModel.swift */,
				124C441327A4681B00B7EC5F /* ListRecipeModel.swift */,
				1202B1C127B2CC7800A1BBB8 /* FavoriteModel.swift */,
				1202B1BE27B183A200A1BBB8 /* DetailModel.swift */,
				1202B1BA27AE830000A1BBB8 /* RecipeToShow.swift */,
				126872FE27A306E3001FC2F2 /* EntitiesDB */,
				12B98EFE27A0451200935ED1 /* EntitiesResponse */,
			);
			path = Model;
			sourceTree = "<group>";
		};
		124C440727A4599A00B7EC5F /* recipleaseTests */ = {
			isa = PBXGroup;
			children = (
				124C440F27A45A7000B7EC5F /* SearchModelTestCase.swift */,
				125C296527B670BF00E944F4 /* FavoriteModelTestCase.swift */,
				124A961527BA620A0089B5EE /* ManageCoreDataTestCase.swift */,
				125C296127B65B9700E944F4 /* DownloadServiceTestCase.swift */,
				125C296327B670A100E944F4 /* ListRecipeModelTestCase.swift */,
				1209417027B95511000E8105 /* Fake */,
				1209417127B95E92000E8105 /* Data */,
			);
			path = recipleaseTests;
			sourceTree = "<group>";
		};
		124C441727A4688700B7EC5F /* Network */ = {
			isa = PBXGroup;
			children = (
				124C441527A4687E00B7EC5F /* DownloadService.swift */,
			);
			path = Network;
			sourceTree = "<group>";
		};
		124C441827A5566400B7EC5F /* Ressources */ = {
			isa = PBXGroup;
			children = (
				12C4F2022798082A00EC9F0B /* Assets.xcassets */,
				12C199B727A7239A00C5F50A /* Constants.swift */,
				12C199B927A723AE00C5F50A /* ApiKey.swift */,
				126872F827A2D046001FC2F2 /* NanumPenScript-Regular.ttf */,
			);
			path = Ressources;
			sourceTree = "<group>";
		};
		126872FE27A306E3001FC2F2 /* EntitiesDB */ = {
			isa = PBXGroup;
			children = (
				12E6BA4627A97AE8002DB95A /* reciplease.xcdatamodeld */,
				124754D527A8485300D5F7F4 /* Ingredient.swift */,
				124754D727A8488200D5F7F4 /* Recipe.swift */,
				124754D127A8480700D5F7F4 /* Recipe2Ingredient.swift */,
				120970E227A985F1008CCC31 /* Image.swift */,
			);
			path = EntitiesDB;
			sourceTree = "<group>";
		};
		12B98EFE27A0451200935ED1 /* EntitiesResponse */ = {
			isa = PBXGroup;
			children = (
				12B98EFF27A0454C00935ED1 /* ResponseRequest.swift */,
				12B98F0127A045DE00935ED1 /* ResponseRecipe.swift */,
				12B98F0327A0568000935ED1 /* ResponseImages.swift */,
				12B98F0927A0685700935ED1 /* ResonseIngredient.swift */,
				12B98F0727A05BB100935ED1 /* ResponseHit.swift */,
			);
			path = EntitiesResponse;
			sourceTree = "<group>";
		};
		12C4F1EA2798082700EC9F0B = {
			isa = PBXGroup;
			children = (
				12C4F1F52798082700EC9F0B /* reciplease */,
				12C4F1F42798082700EC9F0B /* Products */,
				124C440727A4599A00B7EC5F /* recipleaseTests */,
			);
			sourceTree = "<group>";
		};
		12C4F1F42798082700EC9F0B /* Products */ = {
			isa = PBXGroup;
			children = (
				12C4F1F32798082700EC9F0B /* reciplease.app */,
				124C440627A4599A00B7EC5F /* recipleaseTests.xctest */,
			);
			name = Products;
			sourceTree = "<group>";
		};
		12C4F1F52798082700EC9F0B /* reciplease */ = {
			isa = PBXGroup;
			children = (
				12C4F1F62798082700EC9F0B /* AppDelegate.swift */,
				12C4F1F82798082700EC9F0B /* SceneDelegate.swift */,
				1202B1C027B183C600A1BBB8 /* CoreData */,
				124C441727A4688700B7EC5F /* Network */,
				121F766A279F1965001711D7 /* Model */,
				121F7669279F1959001711D7 /* View */,
				121F7668279F1946001711D7 /* Controller */,
				124C441827A5566400B7EC5F /* Ressources */,
				12C4F2072798082A00EC9F0B /* Info.plist */,
			);
			path = reciplease;
			sourceTree = "<group>";
		};
/* End PBXGroup section */

/* Begin PBXNativeTarget section */
		124C440527A4599A00B7EC5F /* recipleaseTests */ = {
			isa = PBXNativeTarget;
			buildConfigurationList = 124C440C27A4599A00B7EC5F /* Build configuration list for PBXNativeTarget "recipleaseTests" */;
			buildPhases = (
				124C440227A4599A00B7EC5F /* Sources */,
				124C440327A4599A00B7EC5F /* Frameworks */,
				124C440427A4599A00B7EC5F /* Resources */,
			);
			buildRules = (
			);
			dependencies = (
				124C440B27A4599A00B7EC5F /* PBXTargetDependency */,
			);
			name = recipleaseTests;
			productName = recipleaseTests;
			productReference = 124C440627A4599A00B7EC5F /* recipleaseTests.xctest */;
			productType = "com.apple.product-type.bundle.unit-test";
		};
		12C4F1F22798082700EC9F0B /* reciplease */ = {
			isa = PBXNativeTarget;
			buildConfigurationList = 12C4F20A2798082A00EC9F0B /* Build configuration list for PBXNativeTarget "reciplease" */;
			buildPhases = (
				12C4F1EF2798082700EC9F0B /* Sources */,
				12C4F1F02798082700EC9F0B /* Frameworks */,
				12C4F1F12798082700EC9F0B /* Resources */,
			);
			buildRules = (
			);
			dependencies = (
				12C4F21127980A1600EC9F0B /* PBXTargetDependency */,
			);
			name = reciplease;
			packageProductDependencies = (
				12C4F20E2798097B00EC9F0B /* Alamofire */,
			);
			productName = reciplease;
			productReference = 12C4F1F32798082700EC9F0B /* reciplease.app */;
			productType = "com.apple.product-type.application";
		};
/* End PBXNativeTarget section */

/* Begin PBXProject section */
		12C4F1EB2798082700EC9F0B /* Project object */ = {
			isa = PBXProject;
			attributes = {
				BuildIndependentTargetsInParallel = 1;
				LastSwiftUpdateCheck = 1320;
				LastUpgradeCheck = 1320;
				TargetAttributes = {
					124C440527A4599A00B7EC5F = {
						CreatedOnToolsVersion = 13.2.1;
						TestTargetID = 12C4F1F22798082700EC9F0B;
					};
					12C4F1F22798082700EC9F0B = {
						CreatedOnToolsVersion = 13.2.1;
					};
				};
			};
			buildConfigurationList = 12C4F1EE2798082700EC9F0B /* Build configuration list for PBXProject "reciplease" */;
			compatibilityVersion = "Xcode 13.0";
			developmentRegion = en;
			hasScannedForEncodings = 0;
			knownRegions = (
				en,
				Base,
			);
			mainGroup = 12C4F1EA2798082700EC9F0B;
			packageReferences = (
				12C4F20D2798097B00EC9F0B /* XCRemoteSwiftPackageReference "Alamofire" */,
			);
			productRefGroup = 12C4F1F42798082700EC9F0B /* Products */;
			projectDirPath = "";
			projectRoot = "";
			targets = (
				12C4F1F22798082700EC9F0B /* reciplease */,
				124C440527A4599A00B7EC5F /* recipleaseTests */,
			);
		};
/* End PBXProject section */

/* Begin PBXResourcesBuildPhase section */
		124C440427A4599A00B7EC5F /* Resources */ = {
			isa = PBXResourcesBuildPhase;
			buildActionMask = 2147483647;
			files = (
				1209417427B96244000E8105 /* requestBeefTwoResponseLight.json in Resources */,
				1209417827B99EB2000E8105 /* zeroRecipe.json in Resources */,
			);
			runOnlyForDeploymentPostprocessing = 0;
		};
		12C4F1F12798082700EC9F0B /* Resources */ = {
			isa = PBXResourcesBuildPhase;
			buildActionMask = 2147483647;
			files = (
				12C4F2062798082A00EC9F0B /* LaunchScreen.storyboard in Resources */,
				12C4F2032798082A00EC9F0B /* Assets.xcassets in Resources */,
				126872F927A2D046001FC2F2 /* NanumPenScript-Regular.ttf in Resources */,
				12C4F1FE2798082700EC9F0B /* Main.storyboard in Resources */,
			);
			runOnlyForDeploymentPostprocessing = 0;
		};
/* End PBXResourcesBuildPhase section */

/* Begin PBXSourcesBuildPhase section */
		124C440227A4599A00B7EC5F /* Sources */ = {
			isa = PBXSourcesBuildPhase;
			buildActionMask = 2147483647;
			files = (
				124C441027A45A7000B7EC5F /* SearchModelTestCase.swift in Sources */,
				1209416F27B9550C000E8105 /* FakeDownloadService.swift in Sources */,
				124A961627BA620A0089B5EE /* ManageCoreDataTestCase.swift in Sources */,
				125C296227B65B9800E944F4 /* DownloadServiceTestCase.swift in Sources */,
				125C296427B670A100E944F4 /* ListRecipeModelTestCase.swift in Sources */,
				125C296627B670BF00E944F4 /* FavoriteModelTestCase.swift in Sources */,
				1209417627B99325000E8105 /* FakeManageCoreData.swift in Sources */,
			);
			runOnlyForDeploymentPostprocessing = 0;
		};
		12C4F1EF2798082700EC9F0B /* Sources */ = {
			isa = PBXSourcesBuildPhase;
			buildActionMask = 2147483647;
			files = (
				12C199B827A7239A00C5F50A /* Constants.swift in Sources */,
				12B98F0E27A06B8600935ED1 /* FavoriteViewController.swift in Sources */,
				124C441427A4681B00B7EC5F /* ListRecipeModel.swift in Sources */,
				1202B1C227B2CC7800A1BBB8 /* FavoriteModel.swift in Sources */,
				126872F527A16D26001FC2F2 /* TabBarController.swift in Sources */,
				124754D227A8480700D5F7F4 /* Recipe2Ingredient.swift in Sources */,
				12352E6927A5D331005A4B7B /* RecipeTableViewCell.swift in Sources */,
				126872FB27A2E963001FC2F2 /* ListRecipeViewController.swift in Sources */,
				12B98F0827A05BB100935ED1 /* ResponseHit.swift in Sources */,
				129C654B27B3ADCE0091DE44 /* DetailFavoriteViewController.swift in Sources */,
				12C4F1F72798082700EC9F0B /* AppDelegate.swift in Sources */,
				12C199BA27A723AE00C5F50A /* ApiKey.swift in Sources */,
				124C441627A4687E00B7EC5F /* DownloadService.swift in Sources */,
				12C4F1F92798082700EC9F0B /* SceneDelegate.swift in Sources */,
				12E6BA4827A97AE8002DB95A /* reciplease.xcdatamodeld in Sources */,
				12B98F0427A0568000935ED1 /* ResponseImages.swift in Sources */,
				12B98F0A27A0685700935ED1 /* ResonseIngredient.swift in Sources */,
				12B98F0027A0454C00935ED1 /* ResponseRequest.swift in Sources */,
				124754D827A8488200D5F7F4 /* Recipe.swift in Sources */,
				120970E527A9BE28008CCC31 /* ManageCoreData.swift in Sources */,
				124754D627A8485300D5F7F4 /* Ingredient.swift in Sources */,
				12B98F0C27A06AF200935ED1 /* SearchViewController.swift in Sources */,
				1202B1BF27B183A200A1BBB8 /* DetailModel.swift in Sources */,
				1202B1BB27AE830000A1BBB8 /* RecipeToShow.swift in Sources */,
				1268730027A30713001FC2F2 /* SearchModel.swift in Sources */,
				12B98F0227A045DE00935ED1 /* ResponseRecipe.swift in Sources */,
				120970E327A985F1008CCC31 /* Image.swift in Sources */,
				1202B1BD27B041ED00A1BBB8 /* DetailViewController.swift in Sources */,
			);
			runOnlyForDeploymentPostprocessing = 0;
		};
/* End PBXSourcesBuildPhase section */

/* Begin PBXTargetDependency section */
		124C440B27A4599A00B7EC5F /* PBXTargetDependency */ = {
			isa = PBXTargetDependency;
			target = 12C4F1F22798082700EC9F0B /* reciplease */;
			targetProxy = 124C440A27A4599A00B7EC5F /* PBXContainerItemProxy */;
		};
		12C4F21127980A1600EC9F0B /* PBXTargetDependency */ = {
			isa = PBXTargetDependency;
			productRef = 12C4F21027980A1600EC9F0B /* Alamofire */;
		};
/* End PBXTargetDependency section */

/* Begin PBXVariantGroup section */
		12C4F1FC2798082700EC9F0B /* Main.storyboard */ = {
			isa = PBXVariantGroup;
			children = (
				12C4F1FD2798082700EC9F0B /* Base */,
			);
			name = Main.storyboard;
			sourceTree = "<group>";
		};
		12C4F2042798082A00EC9F0B /* LaunchScreen.storyboard */ = {
			isa = PBXVariantGroup;
			children = (
				12C4F2052798082A00EC9F0B /* Base */,
			);
			name = LaunchScreen.storyboard;
			sourceTree = "<group>";
		};
/* End PBXVariantGroup section */

/* Begin XCBuildConfiguration section */
		124C440D27A4599A00B7EC5F /* Debug */ = {
			isa = XCBuildConfiguration;
			buildSettings = {
				BUNDLE_LOADER = "$(TEST_HOST)";
				CODE_SIGN_STYLE = Automatic;
				CURRENT_PROJECT_VERSION = 1;
				DEVELOPMENT_TEAM = 6J7DSRP43M;
				GENERATE_INFOPLIST_FILE = YES;
				MARKETING_VERSION = 1.0;
				PRODUCT_BUNDLE_IDENTIFIER = fr.gdvd.recipleaseTests;
				PRODUCT_NAME = "$(TARGET_NAME)";
				SWIFT_EMIT_LOC_STRINGS = NO;
				SWIFT_VERSION = 5.0;
				TARGETED_DEVICE_FAMILY = "1,2";
				TEST_HOST = "$(BUILT_PRODUCTS_DIR)/reciplease.app/reciplease";
			};
			name = Debug;
		};
		124C440E27A4599A00B7EC5F /* Release */ = {
			isa = XCBuildConfiguration;
			buildSettings = {
				BUNDLE_LOADER = "$(TEST_HOST)";
				CODE_SIGN_STYLE = Automatic;
				CURRENT_PROJECT_VERSION = 1;
				DEVELOPMENT_TEAM = 6J7DSRP43M;
				GENERATE_INFOPLIST_FILE = YES;
				MARKETING_VERSION = 1.0;
				PRODUCT_BUNDLE_IDENTIFIER = fr.gdvd.recipleaseTests;
				PRODUCT_NAME = "$(TARGET_NAME)";
				SWIFT_EMIT_LOC_STRINGS = NO;
				SWIFT_VERSION = 5.0;
				TARGETED_DEVICE_FAMILY = "1,2";
				TEST_HOST = "$(BUILT_PRODUCTS_DIR)/reciplease.app/reciplease";
			};
			name = Release;
		};
		12C4F2082798082A00EC9F0B /* Debug */ = {
			isa = XCBuildConfiguration;
			buildSettings = {
				ALWAYS_SEARCH_USER_PATHS = NO;
				CLANG_ANALYZER_NONNULL = YES;
				CLANG_ANALYZER_NUMBER_OBJECT_CONVERSION = YES_AGGRESSIVE;
				CLANG_CXX_LANGUAGE_STANDARD = "gnu++17";
				CLANG_CXX_LIBRARY = "libc++";
				CLANG_ENABLE_MODULES = YES;
				CLANG_ENABLE_OBJC_ARC = YES;
				CLANG_ENABLE_OBJC_WEAK = YES;
				CLANG_WARN_BLOCK_CAPTURE_AUTORELEASING = YES;
				CLANG_WARN_BOOL_CONVERSION = YES;
				CLANG_WARN_COMMA = YES;
				CLANG_WARN_CONSTANT_CONVERSION = YES;
				CLANG_WARN_DEPRECATED_OBJC_IMPLEMENTATIONS = YES;
				CLANG_WARN_DIRECT_OBJC_ISA_USAGE = YES_ERROR;
				CLANG_WARN_DOCUMENTATION_COMMENTS = YES;
				CLANG_WARN_EMPTY_BODY = YES;
				CLANG_WARN_ENUM_CONVERSION = YES;
				CLANG_WARN_INFINITE_RECURSION = YES;
				CLANG_WARN_INT_CONVERSION = YES;
				CLANG_WARN_NON_LITERAL_NULL_CONVERSION = YES;
				CLANG_WARN_OBJC_IMPLICIT_RETAIN_SELF = YES;
				CLANG_WARN_OBJC_LITERAL_CONVERSION = YES;
				CLANG_WARN_OBJC_ROOT_CLASS = YES_ERROR;
				CLANG_WARN_QUOTED_INCLUDE_IN_FRAMEWORK_HEADER = YES;
				CLANG_WARN_RANGE_LOOP_ANALYSIS = YES;
				CLANG_WARN_STRICT_PROTOTYPES = YES;
				CLANG_WARN_SUSPICIOUS_MOVE = YES;
				CLANG_WARN_UNGUARDED_AVAILABILITY = YES_AGGRESSIVE;
				CLANG_WARN_UNREACHABLE_CODE = YES;
				CLANG_WARN__DUPLICATE_METHOD_MATCH = YES;
				COPY_PHASE_STRIP = NO;
				DEBUG_INFORMATION_FORMAT = dwarf;
				ENABLE_STRICT_OBJC_MSGSEND = YES;
				ENABLE_TESTABILITY = YES;
				GCC_C_LANGUAGE_STANDARD = gnu11;
				GCC_DYNAMIC_NO_PIC = NO;
				GCC_NO_COMMON_BLOCKS = YES;
				GCC_OPTIMIZATION_LEVEL = 0;
				GCC_PREPROCESSOR_DEFINITIONS = (
					"DEBUG=1",
					"$(inherited)",
				);
				GCC_WARN_64_TO_32_BIT_CONVERSION = YES;
				GCC_WARN_ABOUT_RETURN_TYPE = YES_ERROR;
				GCC_WARN_UNDECLARED_SELECTOR = YES;
				GCC_WARN_UNINITIALIZED_AUTOS = YES_AGGRESSIVE;
				GCC_WARN_UNUSED_FUNCTION = YES;
				GCC_WARN_UNUSED_VARIABLE = YES;
				IPHONEOS_DEPLOYMENT_TARGET = 15.2;
				MTL_ENABLE_DEBUG_INFO = INCLUDE_SOURCE;
				MTL_FAST_MATH = YES;
				ONLY_ACTIVE_ARCH = YES;
				SDKROOT = iphoneos;
				SWIFT_ACTIVE_COMPILATION_CONDITIONS = DEBUG;
				SWIFT_OPTIMIZATION_LEVEL = "-Onone";
			};
			name = Debug;
		};
		12C4F2092798082A00EC9F0B /* Release */ = {
			isa = XCBuildConfiguration;
			buildSettings = {
				ALWAYS_SEARCH_USER_PATHS = NO;
				CLANG_ANALYZER_NONNULL = YES;
				CLANG_ANALYZER_NUMBER_OBJECT_CONVERSION = YES_AGGRESSIVE;
				CLANG_CXX_LANGUAGE_STANDARD = "gnu++17";
				CLANG_CXX_LIBRARY = "libc++";
				CLANG_ENABLE_MODULES = YES;
				CLANG_ENABLE_OBJC_ARC = YES;
				CLANG_ENABLE_OBJC_WEAK = YES;
				CLANG_WARN_BLOCK_CAPTURE_AUTORELEASING = YES;
				CLANG_WARN_BOOL_CONVERSION = YES;
				CLANG_WARN_COMMA = YES;
				CLANG_WARN_CONSTANT_CONVERSION = YES;
				CLANG_WARN_DEPRECATED_OBJC_IMPLEMENTATIONS = YES;
				CLANG_WARN_DIRECT_OBJC_ISA_USAGE = YES_ERROR;
				CLANG_WARN_DOCUMENTATION_COMMENTS = YES;
				CLANG_WARN_EMPTY_BODY = YES;
				CLANG_WARN_ENUM_CONVERSION = YES;
				CLANG_WARN_INFINITE_RECURSION = YES;
				CLANG_WARN_INT_CONVERSION = YES;
				CLANG_WARN_NON_LITERAL_NULL_CONVERSION = YES;
				CLANG_WARN_OBJC_IMPLICIT_RETAIN_SELF = YES;
				CLANG_WARN_OBJC_LITERAL_CONVERSION = YES;
				CLANG_WARN_OBJC_ROOT_CLASS = YES_ERROR;
				CLANG_WARN_QUOTED_INCLUDE_IN_FRAMEWORK_HEADER = YES;
				CLANG_WARN_RANGE_LOOP_ANALYSIS = YES;
				CLANG_WARN_STRICT_PROTOTYPES = YES;
				CLANG_WARN_SUSPICIOUS_MOVE = YES;
				CLANG_WARN_UNGUARDED_AVAILABILITY = YES_AGGRESSIVE;
				CLANG_WARN_UNREACHABLE_CODE = YES;
				CLANG_WARN__DUPLICATE_METHOD_MATCH = YES;
				COPY_PHASE_STRIP = NO;
				DEBUG_INFORMATION_FORMAT = "dwarf-with-dsym";
				ENABLE_NS_ASSERTIONS = NO;
				ENABLE_STRICT_OBJC_MSGSEND = YES;
				GCC_C_LANGUAGE_STANDARD = gnu11;
				GCC_NO_COMMON_BLOCKS = YES;
				GCC_WARN_64_TO_32_BIT_CONVERSION = YES;
				GCC_WARN_ABOUT_RETURN_TYPE = YES_ERROR;
				GCC_WARN_UNDECLARED_SELECTOR = YES;
				GCC_WARN_UNINITIALIZED_AUTOS = YES_AGGRESSIVE;
				GCC_WARN_UNUSED_FUNCTION = YES;
				GCC_WARN_UNUSED_VARIABLE = YES;
				IPHONEOS_DEPLOYMENT_TARGET = 15.2;
				MTL_ENABLE_DEBUG_INFO = NO;
				MTL_FAST_MATH = YES;
				SDKROOT = iphoneos;
				SWIFT_COMPILATION_MODE = wholemodule;
				SWIFT_OPTIMIZATION_LEVEL = "-O";
				VALIDATE_PRODUCT = YES;
			};
			name = Release;
		};
		12C4F20B2798082A00EC9F0B /* Debug */ = {
			isa = XCBuildConfiguration;
			buildSettings = {
				ASSETCATALOG_COMPILER_APPICON_NAME = AppIcon;
				ASSETCATALOG_COMPILER_GLOBAL_ACCENT_COLOR_NAME = AccentColor;
				CODE_SIGN_STYLE = Automatic;
				CURRENT_PROJECT_VERSION = 1;
				DEVELOPMENT_TEAM = 6J7DSRP43M;
				GENERATE_INFOPLIST_FILE = YES;
				INFOPLIST_FILE = reciplease/Info.plist;
				INFOPLIST_KEY_UIApplicationSupportsIndirectInputEvents = YES;
				INFOPLIST_KEY_UILaunchStoryboardName = LaunchScreen;
				INFOPLIST_KEY_UIMainStoryboardFile = Main;
				INFOPLIST_KEY_UISupportedInterfaceOrientations = UIInterfaceOrientationPortrait;
				INFOPLIST_KEY_UISupportedInterfaceOrientations_iPad = "UIInterfaceOrientationPortrait UIInterfaceOrientationPortraitUpsideDown UIInterfaceOrientationLandscapeLeft UIInterfaceOrientationLandscapeRight";
				INFOPLIST_KEY_UISupportedInterfaceOrientations_iPhone = "UIInterfaceOrientationPortrait UIInterfaceOrientationLandscapeLeft UIInterfaceOrientationLandscapeRight";
				IPHONEOS_DEPLOYMENT_TARGET = 15.0;
				LD_RUNPATH_SEARCH_PATHS = (
					"$(inherited)",
					"@executable_path/Frameworks",
				);
				MARKETING_VERSION = 1.0;
				PRODUCT_BUNDLE_IDENTIFIER = fr.gdvd.reciplease;
				PRODUCT_NAME = "$(TARGET_NAME)";
				SWIFT_EMIT_LOC_STRINGS = YES;
				SWIFT_VERSION = 5.0;
				TARGETED_DEVICE_FAMILY = 1;
			};
			name = Debug;
		};
		12C4F20C2798082A00EC9F0B /* Release */ = {
			isa = XCBuildConfiguration;
			buildSettings = {
				ASSETCATALOG_COMPILER_APPICON_NAME = AppIcon;
				ASSETCATALOG_COMPILER_GLOBAL_ACCENT_COLOR_NAME = AccentColor;
				CODE_SIGN_STYLE = Automatic;
				CURRENT_PROJECT_VERSION = 1;
				DEVELOPMENT_TEAM = 6J7DSRP43M;
				GENERATE_INFOPLIST_FILE = YES;
				INFOPLIST_FILE = reciplease/Info.plist;
				INFOPLIST_KEY_UIApplicationSupportsIndirectInputEvents = YES;
				INFOPLIST_KEY_UILaunchStoryboardName = LaunchScreen;
				INFOPLIST_KEY_UIMainStoryboardFile = Main;
				INFOPLIST_KEY_UISupportedInterfaceOrientations = UIInterfaceOrientationPortrait;
				INFOPLIST_KEY_UISupportedInterfaceOrientations_iPad = "UIInterfaceOrientationPortrait UIInterfaceOrientationPortraitUpsideDown UIInterfaceOrientationLandscapeLeft UIInterfaceOrientationLandscapeRight";
				INFOPLIST_KEY_UISupportedInterfaceOrientations_iPhone = "UIInterfaceOrientationPortrait UIInterfaceOrientationLandscapeLeft UIInterfaceOrientationLandscapeRight";
				IPHONEOS_DEPLOYMENT_TARGET = 15.0;
				LD_RUNPATH_SEARCH_PATHS = (
					"$(inherited)",
					"@executable_path/Frameworks",
				);
				MARKETING_VERSION = 1.0;
				PRODUCT_BUNDLE_IDENTIFIER = fr.gdvd.reciplease;
				PRODUCT_NAME = "$(TARGET_NAME)";
				SWIFT_EMIT_LOC_STRINGS = YES;
				SWIFT_VERSION = 5.0;
				TARGETED_DEVICE_FAMILY = 1;
			};
			name = Release;
		};
/* End XCBuildConfiguration section */

/* Begin XCConfigurationList section */
		124C440C27A4599A00B7EC5F /* Build configuration list for PBXNativeTarget "recipleaseTests" */ = {
			isa = XCConfigurationList;
			buildConfigurations = (
				124C440D27A4599A00B7EC5F /* Debug */,
				124C440E27A4599A00B7EC5F /* Release */,
			);
			defaultConfigurationIsVisible = 0;
			defaultConfigurationName = Release;
		};
		12C4F1EE2798082700EC9F0B /* Build configuration list for PBXProject "reciplease" */ = {
			isa = XCConfigurationList;
			buildConfigurations = (
				12C4F2082798082A00EC9F0B /* Debug */,
				12C4F2092798082A00EC9F0B /* Release */,
			);
			defaultConfigurationIsVisible = 0;
			defaultConfigurationName = Release;
		};
		12C4F20A2798082A00EC9F0B /* Build configuration list for PBXNativeTarget "reciplease" */ = {
			isa = XCConfigurationList;
			buildConfigurations = (
				12C4F20B2798082A00EC9F0B /* Debug */,
				12C4F20C2798082A00EC9F0B /* Release */,
			);
			defaultConfigurationIsVisible = 0;
			defaultConfigurationName = Release;
		};
/* End XCConfigurationList section */

/* Begin XCRemoteSwiftPackageReference section */
		12C4F20D2798097B00EC9F0B /* XCRemoteSwiftPackageReference "Alamofire" */ = {
			isa = XCRemoteSwiftPackageReference;
			repositoryURL = "https://github.com/Alamofire/Alamofire";
			requirement = {
				branch = master;
				kind = branch;
			};
		};
/* End XCRemoteSwiftPackageReference section */

/* Begin XCSwiftPackageProductDependency section */
		12C4F20E2798097B00EC9F0B /* Alamofire */ = {
			isa = XCSwiftPackageProductDependency;
			package = 12C4F20D2798097B00EC9F0B /* XCRemoteSwiftPackageReference "Alamofire" */;
			productName = Alamofire;
		};
		12C4F21027980A1600EC9F0B /* Alamofire */ = {
			isa = XCSwiftPackageProductDependency;
			package = 12C4F20D2798097B00EC9F0B /* XCRemoteSwiftPackageReference "Alamofire" */;
			productName = Alamofire;
		};
/* End XCSwiftPackageProductDependency section */

/* Begin XCVersionGroup section */
		12E6BA4627A97AE8002DB95A /* reciplease.xcdatamodeld */ = {
			isa = XCVersionGroup;
			children = (
				12E6BA4727A97AE8002DB95A /* reciplease.xcdatamodel */,
			);
			currentVersion = 12E6BA4727A97AE8002DB95A /* reciplease.xcdatamodel */;
			path = reciplease.xcdatamodeld;
			sourceTree = "<group>";
			versionGroupType = wrapper.xcdatamodel;
		};
/* End XCVersionGroup section */
	};
	rootObject = 12C4F1EB2798082700EC9F0B /* Project object */;
}
